
Microsoft Visual Studio Solution File, Format Version 12.00
Project("{FAE04EC0-301F-11D3-BF4B-00C04F79EFBC}") = "JsonSerializer", "JsonSerializer\JsonSerializer.csproj", "{848E7ADD-8924-46E8-AD87-040C7CA7D00D}"
EndProject
Global
	GlobalSection(SolutionConfigurationPlatforms) = preSolution
		Debug|Any CPU = Debug|Any CPU
		Release|Any CPU = Release|Any CPU
	EndGlobalSection
	GlobalSection(ProjectConfigurationPlatforms) = postSolution
		{848E7ADD-8924-46E8-AD87-040C7CA7D00D}.Debug|Any CPU.ActiveCfg = Debug|Any CPU
		{848E7ADD-8924-46E8-AD87-040C7CA7D00D}.Debug|Any CPU.Build.0 = Debug|Any CPU
		{848E7ADD-8924-46E8-AD87-040C7CA7D00D}.Release|Any CPU.ActiveCfg = Release|Any CPU
		{848E7ADD-8924-46E8-AD87-040C7CA7D00D}.Release|Any CPU.Build.0 = Release|Any CPU
	EndGlobalSection
EndGlobal
